
Microsoft Visual Studio Solution File, Format Version 12.00
# Visual Studio 15
VisualStudioVersion = 15.0.28010.2016
MinimumVisualStudioVersion = 10.0.40219.1
Project("{FAE04EC0-301F-11D3-BF4B-00C04F79EFBC}") = "Task 3", "Task 3\Task 3.csproj", "{C1369C6A-77CE-4242-91A7-95F539DBC816}"
EndProject
Global
	GlobalSection(SolutionConfigurationPlatforms) = preSolution
		Debug|Any CPU = Debug|Any CPU
		Release|Any CPU = Release|Any CPU
	EndGlobalSection
	GlobalSection(ProjectConfigurationPlatforms) = postSolution
		{C1369C6A-77CE-4242-91A7-95F539DBC816}.Debug|Any CPU.ActiveCfg = Debug|Any CPU
		{C1369C6A-77CE-4242-91A7-95F539DBC816}.Debug|Any CPU.Build.0 = Debug|Any CPU
		{C1369C6A-77CE-4242-91A7-95F539DBC816}.Release|Any CPU.ActiveCfg = Release|Any CPU
		{C1369C6A-77CE-4242-91A7-95F539DBC816}.Release|Any CPU.Build.0 = Release|Any CPU
	EndGlobalSection
	GlobalSection(SolutionProperties) = preSolution
		HideSolutionNode = FALSE
	EndGlobalSection
	GlobalSection(ExtensibilityGlobals) = postSolution
		SolutionGuid = {330257E7-6B3E-4911-8B5F-893EB7514E07}
	EndGlobalSection
EndGlobal
