
Microsoft Visual Studio Solution File, Format Version 12.00
# Visual Studio 15
VisualStudioVersion = 15.0.28010.2016
MinimumVisualStudioVersion = 10.0.40219.1
Project("{FAE04EC0-301F-11D3-BF4B-00C04F79EFBC}") = "ConsoleApp1", "ConsoleApp1\ConsoleApp1.csproj", "{A47188C9-51E4-437F-8700-3E4369246B35}"
EndProject
Global
	GlobalSection(SolutionConfigurationPlatforms) = preSolution
		Debug|Any CPU = Debug|Any CPU
		Release|Any CPU = Release|Any CPU
	EndGlobalSection
	GlobalSection(ProjectConfigurationPlatforms) = postSolution
		{A47188C9-51E4-437F-8700-3E4369246B35}.Debug|Any CPU.ActiveCfg = Debug|Any CPU
		{A47188C9-51E4-437F-8700-3E4369246B35}.Debug|Any CPU.Build.0 = Debug|Any CPU
		{A47188C9-51E4-437F-8700-3E4369246B35}.Release|Any CPU.ActiveCfg = Release|Any CPU
		{A47188C9-51E4-437F-8700-3E4369246B35}.Release|Any CPU.Build.0 = Release|Any CPU
	EndGlobalSection
	GlobalSection(SolutionProperties) = preSolution
		HideSolutionNode = FALSE
	EndGlobalSection
	GlobalSection(ExtensibilityGlobals) = postSolution
		SolutionGuid = {2C6A2B6E-4600-4B7E-859D-2240101C4F70}
	EndGlobalSection
EndGlobal
