
Microsoft Visual Studio Solution File, Format Version 12.00
# Visual Studio 15
VisualStudioVersion = 15.0.28010.2016
MinimumVisualStudioVersion = 10.0.40219.1
Project("{FAE04EC0-301F-11D3-BF4B-00C04F79EFBC}") = "Task_3", "Task_3\Task_3.csproj", "{BAFFDD3A-0A2F-4B6E-AEB9-38C472C4C778}"
EndProject
Global
	GlobalSection(SolutionConfigurationPlatforms) = preSolution
		Debug|Any CPU = Debug|Any CPU
		Release|Any CPU = Release|Any CPU
	EndGlobalSection
	GlobalSection(ProjectConfigurationPlatforms) = postSolution
		{BAFFDD3A-0A2F-4B6E-AEB9-38C472C4C778}.Debug|Any CPU.ActiveCfg = Debug|Any CPU
		{BAFFDD3A-0A2F-4B6E-AEB9-38C472C4C778}.Debug|Any CPU.Build.0 = Debug|Any CPU
		{BAFFDD3A-0A2F-4B6E-AEB9-38C472C4C778}.Release|Any CPU.ActiveCfg = Release|Any CPU
		{BAFFDD3A-0A2F-4B6E-AEB9-38C472C4C778}.Release|Any CPU.Build.0 = Release|Any CPU
	EndGlobalSection
	GlobalSection(SolutionProperties) = preSolution
		HideSolutionNode = FALSE
	EndGlobalSection
	GlobalSection(ExtensibilityGlobals) = postSolution
		SolutionGuid = {9D6DE016-E2F9-486A-8E52-BCFE37DFC45D}
	EndGlobalSection
EndGlobal
